
Microsoft Visual Studio Solution File, Format Version 12.00
# Visual Studio Version 16
VisualStudioVersion = 16.0.30114.105
MinimumVisualStudioVersion = 10.0.40219.1
Project("{FAE04EC0-301F-11D3-BF4B-00C04F79EFBC}") = "Receive", "Receive\Receive.csproj", "{09908742-C531-4ECA-8FA5-B086C2F33EBA}"
EndProject
Project("{FAE04EC0-301F-11D3-BF4B-00C04F79EFBC}") = "PizzaCommand", "PizzaCommand\PizzaCommand.csproj", "{D623235C-EFA0-4F48-86A2-F6A5CFD80F1E}"
EndProject
Project("{FAE04EC0-301F-11D3-BF4B-00C04F79EFBC}") = "PizzaQuery", "PizzaQuery\PizzaQuery.csproj", "{BE1B8D5D-B65E-4B43-9EDF-00614C0E78A9}"
EndProject
Project("{FAE04EC0-301F-11D3-BF4B-00C04F79EFBC}") = "WorkerService", "WorkerService\WorkerService.csproj", "{D7665AC8-8EA2-446A-9E96-6D25460B68C7}"
EndProject
Global
	GlobalSection(SolutionConfigurationPlatforms) = preSolution
		Debug|Any CPU = Debug|Any CPU
		Debug|x64 = Debug|x64
		Debug|x86 = Debug|x86
		Release|Any CPU = Release|Any CPU
		Release|x64 = Release|x64
		Release|x86 = Release|x86
	EndGlobalSection
	GlobalSection(SolutionProperties) = preSolution
		HideSolutionNode = FALSE
	EndGlobalSection
	GlobalSection(ProjectConfigurationPlatforms) = postSolution
		{09908742-C531-4ECA-8FA5-B086C2F33EBA}.Debug|Any CPU.ActiveCfg = Debug|Any CPU
		{09908742-C531-4ECA-8FA5-B086C2F33EBA}.Debug|Any CPU.Build.0 = Debug|Any CPU
		{09908742-C531-4ECA-8FA5-B086C2F33EBA}.Debug|x64.ActiveCfg = Debug|Any CPU
		{09908742-C531-4ECA-8FA5-B086C2F33EBA}.Debug|x64.Build.0 = Debug|Any CPU
		{09908742-C531-4ECA-8FA5-B086C2F33EBA}.Debug|x86.ActiveCfg = Debug|Any CPU
		{09908742-C531-4ECA-8FA5-B086C2F33EBA}.Debug|x86.Build.0 = Debug|Any CPU
		{09908742-C531-4ECA-8FA5-B086C2F33EBA}.Release|Any CPU.ActiveCfg = Release|Any CPU
		{09908742-C531-4ECA-8FA5-B086C2F33EBA}.Release|Any CPU.Build.0 = Release|Any CPU
		{09908742-C531-4ECA-8FA5-B086C2F33EBA}.Release|x64.ActiveCfg = Release|Any CPU
		{09908742-C531-4ECA-8FA5-B086C2F33EBA}.Release|x64.Build.0 = Release|Any CPU
		{09908742-C531-4ECA-8FA5-B086C2F33EBA}.Release|x86.ActiveCfg = Release|Any CPU
		{09908742-C531-4ECA-8FA5-B086C2F33EBA}.Release|x86.Build.0 = Release|Any CPU
		{D623235C-EFA0-4F48-86A2-F6A5CFD80F1E}.Debug|Any CPU.ActiveCfg = Debug|Any CPU
		{D623235C-EFA0-4F48-86A2-F6A5CFD80F1E}.Debug|Any CPU.Build.0 = Debug|Any CPU
		{D623235C-EFA0-4F48-86A2-F6A5CFD80F1E}.Debug|x64.ActiveCfg = Debug|Any CPU
		{D623235C-EFA0-4F48-86A2-F6A5CFD80F1E}.Debug|x64.Build.0 = Debug|Any CPU
		{D623235C-EFA0-4F48-86A2-F6A5CFD80F1E}.Debug|x86.ActiveCfg = Debug|Any CPU
		{D623235C-EFA0-4F48-86A2-F6A5CFD80F1E}.Debug|x86.Build.0 = Debug|Any CPU
		{D623235C-EFA0-4F48-86A2-F6A5CFD80F1E}.Release|Any CPU.ActiveCfg = Release|Any CPU
		{D623235C-EFA0-4F48-86A2-F6A5CFD80F1E}.Release|Any CPU.Build.0 = Release|Any CPU
		{D623235C-EFA0-4F48-86A2-F6A5CFD80F1E}.Release|x64.ActiveCfg = Release|Any CPU
		{D623235C-EFA0-4F48-86A2-F6A5CFD80F1E}.Release|x64.Build.0 = Release|Any CPU
		{D623235C-EFA0-4F48-86A2-F6A5CFD80F1E}.Release|x86.ActiveCfg = Release|Any CPU
		{D623235C-EFA0-4F48-86A2-F6A5CFD80F1E}.Release|x86.Build.0 = Release|Any CPU
		{BE1B8D5D-B65E-4B43-9EDF-00614C0E78A9}.Debug|Any CPU.ActiveCfg = Debug|Any CPU
		{BE1B8D5D-B65E-4B43-9EDF-00614C0E78A9}.Debug|Any CPU.Build.0 = Debug|Any CPU
		{BE1B8D5D-B65E-4B43-9EDF-00614C0E78A9}.Debug|x64.ActiveCfg = Debug|Any CPU
		{BE1B8D5D-B65E-4B43-9EDF-00614C0E78A9}.Debug|x64.Build.0 = Debug|Any CPU
		{BE1B8D5D-B65E-4B43-9EDF-00614C0E78A9}.Debug|x86.ActiveCfg = Debug|Any CPU
		{BE1B8D5D-B65E-4B43-9EDF-00614C0E78A9}.Debug|x86.Build.0 = Debug|Any CPU
		{BE1B8D5D-B65E-4B43-9EDF-00614C0E78A9}.Release|Any CPU.ActiveCfg = Release|Any CPU
		{BE1B8D5D-B65E-4B43-9EDF-00614C0E78A9}.Release|Any CPU.Build.0 = Release|Any CPU
		{BE1B8D5D-B65E-4B43-9EDF-00614C0E78A9}.Release|x64.ActiveCfg = Release|Any CPU
		{BE1B8D5D-B65E-4B43-9EDF-00614C0E78A9}.Release|x64.Build.0 = Release|Any CPU
		{BE1B8D5D-B65E-4B43-9EDF-00614C0E78A9}.Release|x86.ActiveCfg = Release|Any CPU
		{BE1B8D5D-B65E-4B43-9EDF-00614C0E78A9}.Release|x86.Build.0 = Release|Any CPU
		{D7665AC8-8EA2-446A-9E96-6D25460B68C7}.Debug|Any CPU.ActiveCfg = Debug|Any CPU
		{D7665AC8-8EA2-446A-9E96-6D25460B68C7}.Debug|Any CPU.Build.0 = Debug|Any CPU
		{D7665AC8-8EA2-446A-9E96-6D25460B68C7}.Debug|x64.ActiveCfg = Debug|Any CPU
		{D7665AC8-8EA2-446A-9E96-6D25460B68C7}.Debug|x64.Build.0 = Debug|Any CPU
		{D7665AC8-8EA2-446A-9E96-6D25460B68C7}.Debug|x86.ActiveCfg = Debug|Any CPU
		{D7665AC8-8EA2-446A-9E96-6D25460B68C7}.Debug|x86.Build.0 = Debug|Any CPU
		{D7665AC8-8EA2-446A-9E96-6D25460B68C7}.Release|Any CPU.ActiveCfg = Release|Any CPU
		{D7665AC8-8EA2-446A-9E96-6D25460B68C7}.Release|Any CPU.Build.0 = Release|Any CPU
		{D7665AC8-8EA2-446A-9E96-6D25460B68C7}.Release|x64.ActiveCfg = Release|Any CPU
		{D7665AC8-8EA2-446A-9E96-6D25460B68C7}.Release|x64.Build.0 = Release|Any CPU
		{D7665AC8-8EA2-446A-9E96-6D25460B68C7}.Release|x86.ActiveCfg = Release|Any CPU
		{D7665AC8-8EA2-446A-9E96-6D25460B68C7}.Release|x86.Build.0 = Release|Any CPU
	EndGlobalSection
EndGlobal
